
Microsoft Visual Studio Solution File, Format Version 12.00
# Visual Studio Version 17
VisualStudioVersion = 17.0.31912.275
MinimumVisualStudioVersion = 10.0.40219.1
Project("{FAE04EC0-301F-11D3-BF4B-00C04F79EFBC}") = "ADO_Connection", "ADO_Connection.csproj", "{1D3B4CC3-C855-43BA-80BC-85622F4EDD2D}"
EndProject
Global
	GlobalSection(SolutionConfigurationPlatforms) = preSolution
		Debug|Any CPU = Debug|Any CPU
		Release|Any CPU = Release|Any CPU
	EndGlobalSection
	GlobalSection(ProjectConfigurationPlatforms) = postSolution
		{1D3B4CC3-C855-43BA-80BC-85622F4EDD2D}.Debug|Any CPU.ActiveCfg = Debug|Any CPU
		{1D3B4CC3-C855-43BA-80BC-85622F4EDD2D}.Debug|Any CPU.Build.0 = Debug|Any CPU
		{1D3B4CC3-C855-43BA-80BC-85622F4EDD2D}.Release|Any CPU.ActiveCfg = Release|Any CPU
		{1D3B4CC3-C855-43BA-80BC-85622F4EDD2D}.Release|Any CPU.Build.0 = Release|Any CPU
	EndGlobalSection
	GlobalSection(SolutionProperties) = preSolution
		HideSolutionNode = FALSE
	EndGlobalSection
	GlobalSection(ExtensibilityGlobals) = postSolution
		SolutionGuid = {8B4F7659-E3C3-46FA-9087-D5B29B6E44AD}
	EndGlobalSection
EndGlobal
