
Microsoft Visual Studio Solution File, Format Version 12.00
# Visual Studio Version 17
VisualStudioVersion = 17.0.31912.275
MinimumVisualStudioVersion = 10.0.40219.1
Project("{FAE04EC0-301F-11D3-BF4B-00C04F79EFBC}") = "Array_Exception", "Array_Exception.csproj", "{BF565989-E0BE-4E3E-81BF-DF5BE4A06E64}"
EndProject
Global
	GlobalSection(SolutionConfigurationPlatforms) = preSolution
		Debug|Any CPU = Debug|Any CPU
		Release|Any CPU = Release|Any CPU
	EndGlobalSection
	GlobalSection(ProjectConfigurationPlatforms) = postSolution
		{BF565989-E0BE-4E3E-81BF-DF5BE4A06E64}.Debug|Any CPU.ActiveCfg = Debug|Any CPU
		{BF565989-E0BE-4E3E-81BF-DF5BE4A06E64}.Debug|Any CPU.Build.0 = Debug|Any CPU
		{BF565989-E0BE-4E3E-81BF-DF5BE4A06E64}.Release|Any CPU.ActiveCfg = Release|Any CPU
		{BF565989-E0BE-4E3E-81BF-DF5BE4A06E64}.Release|Any CPU.Build.0 = Release|Any CPU
	EndGlobalSection
	GlobalSection(SolutionProperties) = preSolution
		HideSolutionNode = FALSE
	EndGlobalSection
	GlobalSection(ExtensibilityGlobals) = postSolution
		SolutionGuid = {854CA233-3199-4FFD-9100-0EA1A831F365}
	EndGlobalSection
EndGlobal
